
Microsoft Visual Studio Solution File, Format Version 12.00
# Visual Studio Version 17
VisualStudioVersion = 17.6.33801.468
MinimumVisualStudioVersion = 10.0.40219.1
Project("{FAE04EC0-301F-11D3-BF4B-00C04F79EFBC}") = "PasswordEnthropy", "PasswordEnthropy\PasswordEnthropy.csproj", "{B3E367B6-B352-42EA-A122-165BB1173640}"
EndProject
Global
	GlobalSection(SolutionConfigurationPlatforms) = preSolution
		Debug|Any CPU = Debug|Any CPU
		Release|Any CPU = Release|Any CPU
	EndGlobalSection
	GlobalSection(ProjectConfigurationPlatforms) = postSolution
		{B3E367B6-B352-42EA-A122-165BB1173640}.Debug|Any CPU.ActiveCfg = Debug|Any CPU
		{B3E367B6-B352-42EA-A122-165BB1173640}.Debug|Any CPU.Build.0 = Debug|Any CPU
		{B3E367B6-B352-42EA-A122-165BB1173640}.Release|Any CPU.ActiveCfg = Release|Any CPU
		{B3E367B6-B352-42EA-A122-165BB1173640}.Release|Any CPU.Build.0 = Release|Any CPU
	EndGlobalSection
	GlobalSection(SolutionProperties) = preSolution
		HideSolutionNode = FALSE
	EndGlobalSection
	GlobalSection(ExtensibilityGlobals) = postSolution
		SolutionGuid = {526A2590-20AC-45A1-9781-3E291A7BC846}
	EndGlobalSection
EndGlobal
